
Microsoft Visual Studio Solution File, Format Version 12.00
# Visual Studio 15
Project("{FAE04EC0-301F-11D3-BF4B-00C04F79EFBC}") = "Unity.Timeline", "Unity.Timeline.csproj", "{2EED1D97-A9B3-2AC1-1350-4D124A8803A3}"
EndProject
Project("{FAE04EC0-301F-11D3-BF4B-00C04F79EFBC}") = "Unity.Timeline.Editor", "Unity.Timeline.Editor.csproj", "{7FB6A87F-985A-06FA-A777-E907C14FF235}"
EndProject
Project("{FAE04EC0-301F-11D3-BF4B-00C04F79EFBC}") = "Unity.InputSystem", "Unity.InputSystem.csproj", "{20D1DD99-01FE-557A-0B75-6F3574C4846F}"
EndProject
Project("{FAE04EC0-301F-11D3-BF4B-00C04F79EFBC}") = "Unity.ShaderGraph.Editor", "Unity.ShaderGraph.Editor.csproj", "{F1B57F90-9689-358B-0DA9-7F0574001775}"
EndProject
Project("{FAE04EC0-301F-11D3-BF4B-00C04F79EFBC}") = "Unity.RenderPipelines.Universal.Editor", "Unity.RenderPipelines.Universal.Editor.csproj", "{F796168B-6C81-935A-3365-2CC38C68FFFF}"
EndProject
Project("{FAE04EC0-301F-11D3-BF4B-00C04F79EFBC}") = "Unity.TextMeshPro.Editor", "Unity.TextMeshPro.Editor.csproj", "{7DEB7FE3-6073-62BF-F135-FC4FC06FAE17}"
EndProject
Project("{FAE04EC0-301F-11D3-BF4B-00C04F79EFBC}") = "Unity.VisualScripting.Flow", "Unity.VisualScripting.Flow.csproj", "{246FC637-5946-A39B-1EBA-1DC003485DA0}"
EndProject
Project("{FAE04EC0-301F-11D3-BF4B-00C04F79EFBC}") = "Unity.RenderPipelines.Universal.Runtime", "Unity.RenderPipelines.Universal.Runtime.csproj", "{E13BCE4C-0FB3-15BA-9FB4-93697EA4C52E}"
EndProject
Project("{FAE04EC0-301F-11D3-BF4B-00C04F79EFBC}") = "UnityEditor.UI", "UnityEditor.UI.csproj", "{3D288FCB-04FE-D9A5-538D-080EB7B7F319}"
EndProject
Project("{FAE04EC0-301F-11D3-BF4B-00C04F79EFBC}") = "Assembly-CSharp", "Assembly-CSharp.csproj", "{EB7BE0A8-FCB2-1F91-6723-8B64C4CD3E40}"
EndProject
Project("{FAE04EC0-301F-11D3-BF4B-00C04F79EFBC}") = "Unity.RenderPipelines.Core.Runtime", "Unity.RenderPipelines.Core.Runtime.csproj", "{358A0CEE-DB05-4623-B687-802D3328E219}"
EndProject
Project("{FAE04EC0-301F-11D3-BF4B-00C04F79EFBC}") = "Unity.VisualScripting.Core", "Unity.VisualScripting.Core.csproj", "{B9AA0A0E-ED46-B8FA-4398-8C347775163E}"
EndProject
Project("{FAE04EC0-301F-11D3-BF4B-00C04F79EFBC}") = "Unity.Mathematics", "Unity.Mathematics.csproj", "{062D173A-982E-1A0F-5E47-013336A7C106}"
EndProject
Project("{FAE04EC0-301F-11D3-BF4B-00C04F79EFBC}") = "Unity.RenderPipelines.Core.Editor", "Unity.RenderPipelines.Core.Editor.csproj", "{0A3A78EE-3FF6-6CF0-E09D-73D55AE1D7F2}"
EndProject
Project("{FAE04EC0-301F-11D3-BF4B-00C04F79EFBC}") = "Cinemachine", "Cinemachine.csproj", "{54EF22DB-3D01-8BC0-9EB7-6CFF87E279F9}"
EndProject
Project("{FAE04EC0-301F-11D3-BF4B-00C04F79EFBC}") = "Unity.VisualScripting.Core.Editor", "Unity.VisualScripting.Core.Editor.csproj", "{2D96CDA0-B840-8EA2-41FB-166F1914C5A9}"
EndProject
Project("{FAE04EC0-301F-11D3-BF4B-00C04F79EFBC}") = "Unity.VisualScripting.Flow.Editor", "Unity.VisualScripting.Flow.Editor.csproj", "{DA242679-98EC-69CB-D5DF-84D23BAC0E8D}"
EndProject
Project("{FAE04EC0-301F-11D3-BF4B-00C04F79EFBC}") = "UnityEditor.TestRunner", "UnityEditor.TestRunner.csproj", "{4E3E2F12-79FD-A2C8-D36C-90021AE4C012}"
EndProject
Project("{FAE04EC0-301F-11D3-BF4B-00C04F79EFBC}") = "Unity.VisualScripting.SettingsProvider.Editor", "Unity.VisualScripting.SettingsProvider.Editor.csproj", "{23A5D835-F80F-A888-1413-B5217D5BAFEB}"
EndProject
Project("{FAE04EC0-301F-11D3-BF4B-00C04F79EFBC}") = "UnityEngine.TestRunner", "UnityEngine.TestRunner.csproj", "{97D095D4-396A-155E-DD07-E80F43D85969}"
EndProject
Project("{FAE04EC0-301F-11D3-BF4B-00C04F79EFBC}") = "Unity.Searcher.Editor", "Unity.Searcher.Editor.csproj", "{43937E7D-33CD-1FEC-2A57-444D192D22DC}"
EndProject
Project("{FAE04EC0-301F-11D3-BF4B-00C04F79EFBC}") = "Unity.Burst", "Unity.Burst.csproj", "{83B4548A-6421-F772-A011-72B30A20560B}"
EndProject
Project("{FAE04EC0-301F-11D3-BF4B-00C04F79EFBC}") = "UnityEngine.UI", "UnityEngine.UI.csproj", "{F34F2090-C432-5310-5B7C-D80319C0A1D0}"
EndProject
Project("{FAE04EC0-301F-11D3-BF4B-00C04F79EFBC}") = "Unity.VisualStudio.Editor", "Unity.VisualStudio.Editor.csproj", "{C6F9BCD4-26C7-A993-3503-744B678BEAE8}"
EndProject
Project("{FAE04EC0-301F-11D3-BF4B-00C04F79EFBC}") = "com.unity.cinemachine.editor", "com.unity.cinemachine.editor.csproj", "{9D161B86-72FE-7B72-7BC4-B1BCFCE7264E}"
EndProject
Project("{FAE04EC0-301F-11D3-BF4B-00C04F79EFBC}") = "PPv2URPConverters", "PPv2URPConverters.csproj", "{09293CC6-A5D9-8A2C-7ED1-E306F1B43178}"
EndProject
Project("{FAE04EC0-301F-11D3-BF4B-00C04F79EFBC}") = "Unity.Rider.Editor", "Unity.Rider.Editor.csproj", "{3026D224-0023-910B-4311-FFCB6603491C}"
EndProject
Project("{FAE04EC0-301F-11D3-BF4B-00C04F79EFBC}") = "Unity.VisualScripting.State.Editor", "Unity.VisualScripting.State.Editor.csproj", "{56188ADD-23FD-FD08-E1D5-7574FE860BBB}"
EndProject
Project("{FAE04EC0-301F-11D3-BF4B-00C04F79EFBC}") = "Unity.Burst.CodeGen", "Unity.Burst.CodeGen.csproj", "{1ADDEB2E-D3B6-3E7D-9548-71CFD7060E89}"
EndProject
Project("{FAE04EC0-301F-11D3-BF4B-00C04F79EFBC}") = "Unity.RenderPipeline.Universal.ShaderLibrary", "Unity.RenderPipeline.Universal.ShaderLibrary.csproj", "{00AC6937-C66F-C1FC-9260-9DEFE94C08B0}"
EndProject
Project("{FAE04EC0-301F-11D3-BF4B-00C04F79EFBC}") = "Unity.VisualScripting.State", "Unity.VisualScripting.State.csproj", "{CD176EEB-39C2-E087-AC9A-485253C21F0B}"
EndProject
Project("{FAE04EC0-301F-11D3-BF4B-00C04F79EFBC}") = "Unity.TextMeshPro", "Unity.TextMeshPro.csproj", "{1986B34C-5025-B832-B37A-22328B6E651E}"
EndProject
Project("{FAE04EC0-301F-11D3-BF4B-00C04F79EFBC}") = "Unity.VSCode.Editor", "Unity.VSCode.Editor.csproj", "{42264433-543E-E924-11E6-1BFB8D7A09B6}"
EndProject
Project("{FAE04EC0-301F-11D3-BF4B-00C04F79EFBC}") = "Unity.Burst.Editor", "Unity.Burst.Editor.csproj", "{47FE3501-B5D1-5547-9897-C1E4418E7DBC}"
EndProject
Project("{FAE04EC0-301F-11D3-BF4B-00C04F79EFBC}") = "Unity.2D.Sprite.Editor", "Unity.2D.Sprite.Editor.csproj", "{F9A7F7E0-B2E2-FD86-B922-235D854EBBC5}"
EndProject
Project("{FAE04EC0-301F-11D3-BF4B-00C04F79EFBC}") = "Unity.ShaderGraph.Utilities", "Unity.ShaderGraph.Utilities.csproj", "{F5AE040C-B419-9239-2EED-837BBF2CAD17}"
EndProject
Project("{FAE04EC0-301F-11D3-BF4B-00C04F79EFBC}") = "Unity.Mathematics.Editor", "Unity.Mathematics.Editor.csproj", "{30E6AA81-B07B-C08C-2A96-7C0BD6B8DD7C}"
EndProject
Project("{FAE04EC0-301F-11D3-BF4B-00C04F79EFBC}") = "Unity.InputSystem.TestFramework", "Unity.InputSystem.TestFramework.csproj", "{E1F2A185-DD57-9CE9-867D-778271C6A419}"
EndProject
Project("{FAE04EC0-301F-11D3-BF4B-00C04F79EFBC}") = "Unity.VisualScripting.Shared.Editor", "Unity.VisualScripting.Shared.Editor.csproj", "{58220B35-9811-F21A-EAA5-51E62C5CF781}"
EndProject
Project("{FAE04EC0-301F-11D3-BF4B-00C04F79EFBC}") = "Unity.RenderPipelines.ShaderGraph.ShaderGraphLibrary", "Unity.RenderPipelines.ShaderGraph.ShaderGraphLibrary.csproj", "{84089098-F706-1EB7-5A34-47ADE568682C}"
EndProject
Project("{FAE04EC0-301F-11D3-BF4B-00C04F79EFBC}") = "Unity.RenderPipelines.Core.ShaderLibrary", "Unity.RenderPipelines.Core.ShaderLibrary.csproj", "{E8C32A80-2F6D-5A71-7644-317EA2A8E700}"
EndProject
Project("{FAE04EC0-301F-11D3-BF4B-00C04F79EFBC}") = "Unity.RenderPipelines.Universal.Shaders", "Unity.RenderPipelines.Universal.Shaders.csproj", "{77368AF9-32B2-AA1E-02A8-D7D0CCD5691C}"
EndProject
Project("{2150E333-8FDC-42A3-9474-1A3956D46DE8}") = "Solution Items", "Solution Items", "{45DCD6D4-FD99-49CD-9DCC-93368C7D090C}"
	ProjectSection(SolutionItems) = preProject
		Assets\PlayerInputActions.cs = Assets\PlayerInputActions.cs
	EndProjectSection
EndProject
Global
	GlobalSection(SolutionConfigurationPlatforms) = preSolution
		Debug|Any CPU = Debug|Any CPU
		Release|Any CPU = Release|Any CPU
	EndGlobalSection
	GlobalSection(ProjectConfigurationPlatforms) = postSolution
		{2EED1D97-A9B3-2AC1-1350-4D124A8803A3}.Debug|Any CPU.ActiveCfg = Debug|Any CPU
		{2EED1D97-A9B3-2AC1-1350-4D124A8803A3}.Debug|Any CPU.Build.0 = Debug|Any CPU
		{2EED1D97-A9B3-2AC1-1350-4D124A8803A3}.Release|Any CPU.ActiveCfg = Release|Any CPU
		{2EED1D97-A9B3-2AC1-1350-4D124A8803A3}.Release|Any CPU.Build.0 = Release|Any CPU
		{7FB6A87F-985A-06FA-A777-E907C14FF235}.Debug|Any CPU.ActiveCfg = Debug|Any CPU
		{7FB6A87F-985A-06FA-A777-E907C14FF235}.Debug|Any CPU.Build.0 = Debug|Any CPU
		{7FB6A87F-985A-06FA-A777-E907C14FF235}.Release|Any CPU.ActiveCfg = Release|Any CPU
		{7FB6A87F-985A-06FA-A777-E907C14FF235}.Release|Any CPU.Build.0 = Release|Any CPU
		{20D1DD99-01FE-557A-0B75-6F3574C4846F}.Debug|Any CPU.ActiveCfg = Debug|Any CPU
		{20D1DD99-01FE-557A-0B75-6F3574C4846F}.Debug|Any CPU.Build.0 = Debug|Any CPU
		{20D1DD99-01FE-557A-0B75-6F3574C4846F}.Release|Any CPU.ActiveCfg = Release|Any CPU
		{20D1DD99-01FE-557A-0B75-6F3574C4846F}.Release|Any CPU.Build.0 = Release|Any CPU
		{F1B57F90-9689-358B-0DA9-7F0574001775}.Debug|Any CPU.ActiveCfg = Debug|Any CPU
		{F1B57F90-9689-358B-0DA9-7F0574001775}.Debug|Any CPU.Build.0 = Debug|Any CPU
		{F1B57F90-9689-358B-0DA9-7F0574001775}.Release|Any CPU.ActiveCfg = Release|Any CPU
		{F1B57F90-9689-358B-0DA9-7F0574001775}.Release|Any CPU.Build.0 = Release|Any CPU
		{F796168B-6C81-935A-3365-2CC38C68FFFF}.Debug|Any CPU.ActiveCfg = Debug|Any CPU
		{F796168B-6C81-935A-3365-2CC38C68FFFF}.Debug|Any CPU.Build.0 = Debug|Any CPU
		{F796168B-6C81-935A-3365-2CC38C68FFFF}.Release|Any CPU.ActiveCfg = Release|Any CPU
		{F796168B-6C81-935A-3365-2CC38C68FFFF}.Release|Any CPU.Build.0 = Release|Any CPU
		{7DEB7FE3-6073-62BF-F135-FC4FC06FAE17}.Debug|Any CPU.ActiveCfg = Debug|Any CPU
		{7DEB7FE3-6073-62BF-F135-FC4FC06FAE17}.Debug|Any CPU.Build.0 = Debug|Any CPU
		{7DEB7FE3-6073-62BF-F135-FC4FC06FAE17}.Release|Any CPU.ActiveCfg = Release|Any CPU
		{7DEB7FE3-6073-62BF-F135-FC4FC06FAE17}.Release|Any CPU.Build.0 = Release|Any CPU
		{246FC637-5946-A39B-1EBA-1DC003485DA0}.Debug|Any CPU.ActiveCfg = Debug|Any CPU
		{246FC637-5946-A39B-1EBA-1DC003485DA0}.Debug|Any CPU.Build.0 = Debug|Any CPU
		{246FC637-5946-A39B-1EBA-1DC003485DA0}.Release|Any CPU.ActiveCfg = Release|Any CPU
		{246FC637-5946-A39B-1EBA-1DC003485DA0}.Release|Any CPU.Build.0 = Release|Any CPU
		{E13BCE4C-0FB3-15BA-9FB4-93697EA4C52E}.Debug|Any CPU.ActiveCfg = Debug|Any CPU
		{E13BCE4C-0FB3-15BA-9FB4-93697EA4C52E}.Debug|Any CPU.Build.0 = Debug|Any CPU
		{E13BCE4C-0FB3-15BA-9FB4-93697EA4C52E}.Release|Any CPU.ActiveCfg = Release|Any CPU
		{E13BCE4C-0FB3-15BA-9FB4-93697EA4C52E}.Release|Any CPU.Build.0 = Release|Any CPU
		{3D288FCB-04FE-D9A5-538D-080EB7B7F319}.Debug|Any CPU.ActiveCfg = Debug|Any CPU
		{3D288FCB-04FE-D9A5-538D-080EB7B7F319}.Debug|Any CPU.Build.0 = Debug|Any CPU
		{3D288FCB-04FE-D9A5-538D-080EB7B7F319}.Release|Any CPU.ActiveCfg = Release|Any CPU
		{3D288FCB-04FE-D9A5-538D-080EB7B7F319}.Release|Any CPU.Build.0 = Release|Any CPU
		{EB7BE0A8-FCB2-1F91-6723-8B64C4CD3E40}.Debug|Any CPU.ActiveCfg = Debug|Any CPU
		{EB7BE0A8-FCB2-1F91-6723-8B64C4CD3E40}.Debug|Any CPU.Build.0 = Debug|Any CPU
		{EB7BE0A8-FCB2-1F91-6723-8B64C4CD3E40}.Release|Any CPU.ActiveCfg = Release|Any CPU
		{EB7BE0A8-FCB2-1F91-6723-8B64C4CD3E40}.Release|Any CPU.Build.0 = Release|Any CPU
		{358A0CEE-DB05-4623-B687-802D3328E219}.Debug|Any CPU.ActiveCfg = Debug|Any CPU
		{358A0CEE-DB05-4623-B687-802D3328E219}.Debug|Any CPU.Build.0 = Debug|Any CPU
		{358A0CEE-DB05-4623-B687-802D3328E219}.Release|Any CPU.ActiveCfg = Release|Any CPU
		{358A0CEE-DB05-4623-B687-802D3328E219}.Release|Any CPU.Build.0 = Release|Any CPU
		{B9AA0A0E-ED46-B8FA-4398-8C347775163E}.Debug|Any CPU.ActiveCfg = Debug|Any CPU
		{B9AA0A0E-ED46-B8FA-4398-8C347775163E}.Debug|Any CPU.Build.0 = Debug|Any CPU
		{B9AA0A0E-ED46-B8FA-4398-8C347775163E}.Release|Any CPU.ActiveCfg = Release|Any CPU
		{B9AA0A0E-ED46-B8FA-4398-8C347775163E}.Release|Any CPU.Build.0 = Release|Any CPU
		{062D173A-982E-1A0F-5E47-013336A7C106}.Debug|Any CPU.ActiveCfg = Debug|Any CPU
		{062D173A-982E-1A0F-5E47-013336A7C106}.Debug|Any CPU.Build.0 = Debug|Any CPU
		{062D173A-982E-1A0F-5E47-013336A7C106}.Release|Any CPU.ActiveCfg = Release|Any CPU
		{062D173A-982E-1A0F-5E47-013336A7C106}.Release|Any CPU.Build.0 = Release|Any CPU
		{0A3A78EE-3FF6-6CF0-E09D-73D55AE1D7F2}.Debug|Any CPU.ActiveCfg = Debug|Any CPU
		{0A3A78EE-3FF6-6CF0-E09D-73D55AE1D7F2}.Debug|Any CPU.Build.0 = Debug|Any CPU
		{0A3A78EE-3FF6-6CF0-E09D-73D55AE1D7F2}.Release|Any CPU.ActiveCfg = Release|Any CPU
		{0A3A78EE-3FF6-6CF0-E09D-73D55AE1D7F2}.Release|Any CPU.Build.0 = Release|Any CPU
		{54EF22DB-3D01-8BC0-9EB7-6CFF87E279F9}.Debug|Any CPU.ActiveCfg = Debug|Any CPU
		{54EF22DB-3D01-8BC0-9EB7-6CFF87E279F9}.Debug|Any CPU.Build.0 = Debug|Any CPU
		{54EF22DB-3D01-8BC0-9EB7-6CFF87E279F9}.Release|Any CPU.ActiveCfg = Release|Any CPU
		{54EF22DB-3D01-8BC0-9EB7-6CFF87E279F9}.Release|Any CPU.Build.0 = Release|Any CPU
		{2D96CDA0-B840-8EA2-41FB-166F1914C5A9}.Debug|Any CPU.ActiveCfg = Debug|Any CPU
		{2D96CDA0-B840-8EA2-41FB-166F1914C5A9}.Debug|Any CPU.Build.0 = Debug|Any CPU
		{2D96CDA0-B840-8EA2-41FB-166F1914C5A9}.Release|Any CPU.ActiveCfg = Release|Any CPU
		{2D96CDA0-B840-8EA2-41FB-166F1914C5A9}.Release|Any CPU.Build.0 = Release|Any CPU
		{DA242679-98EC-69CB-D5DF-84D23BAC0E8D}.Debug|Any CPU.ActiveCfg = Debug|Any CPU
		{DA242679-98EC-69CB-D5DF-84D23BAC0E8D}.Debug|Any CPU.Build.0 = Debug|Any CPU
		{DA242679-98EC-69CB-D5DF-84D23BAC0E8D}.Release|Any CPU.ActiveCfg = Release|Any CPU
		{DA242679-98EC-69CB-D5DF-84D23BAC0E8D}.Release|Any CPU.Build.0 = Release|Any CPU
		{4E3E2F12-79FD-A2C8-D36C-90021AE4C012}.Debug|Any CPU.ActiveCfg = Debug|Any CPU
		{4E3E2F12-79FD-A2C8-D36C-90021AE4C012}.Debug|Any CPU.Build.0 = Debug|Any CPU
		{4E3E2F12-79FD-A2C8-D36C-90021AE4C012}.Release|Any CPU.ActiveCfg = Release|Any CPU
		{4E3E2F12-79FD-A2C8-D36C-90021AE4C012}.Release|Any CPU.Build.0 = Release|Any CPU
		{23A5D835-F80F-A888-1413-B5217D5BAFEB}.Debug|Any CPU.ActiveCfg = Debug|Any CPU
		{23A5D835-F80F-A888-1413-B5217D5BAFEB}.Debug|Any CPU.Build.0 = Debug|Any CPU
		{23A5D835-F80F-A888-1413-B5217D5BAFEB}.Release|Any CPU.ActiveCfg = Release|Any CPU
		{23A5D835-F80F-A888-1413-B5217D5BAFEB}.Release|Any CPU.Build.0 = Release|Any CPU
		{97D095D4-396A-155E-DD07-E80F43D85969}.Debug|Any CPU.ActiveCfg = Debug|Any CPU
		{97D095D4-396A-155E-DD07-E80F43D85969}.Debug|Any CPU.Build.0 = Debug|Any CPU
		{97D095D4-396A-155E-DD07-E80F43D85969}.Release|Any CPU.ActiveCfg = Release|Any CPU
		{97D095D4-396A-155E-DD07-E80F43D85969}.Release|Any CPU.Build.0 = Release|Any CPU
		{43937E7D-33CD-1FEC-2A57-444D192D22DC}.Debug|Any CPU.ActiveCfg = Debug|Any CPU
		{43937E7D-33CD-1FEC-2A57-444D192D22DC}.Debug|Any CPU.Build.0 = Debug|Any CPU
		{43937E7D-33CD-1FEC-2A57-444D192D22DC}.Release|Any CPU.ActiveCfg = Release|Any CPU
		{43937E7D-33CD-1FEC-2A57-444D192D22DC}.Release|Any CPU.Build.0 = Release|Any CPU
		{83B4548A-6421-F772-A011-72B30A20560B}.Debug|Any CPU.ActiveCfg = Debug|Any CPU
		{83B4548A-6421-F772-A011-72B30A20560B}.Debug|Any CPU.Build.0 = Debug|Any CPU
		{83B4548A-6421-F772-A011-72B30A20560B}.Release|Any CPU.ActiveCfg = Release|Any CPU
		{83B4548A-6421-F772-A011-72B30A20560B}.Release|Any CPU.Build.0 = Release|Any CPU
		{F34F2090-C432-5310-5B7C-D80319C0A1D0}.Debug|Any CPU.ActiveCfg = Debug|Any CPU
		{F34F2090-C432-5310-5B7C-D80319C0A1D0}.Debug|Any CPU.Build.0 = Debug|Any CPU
		{F34F2090-C432-5310-5B7C-D80319C0A1D0}.Release|Any CPU.ActiveCfg = Release|Any CPU
		{F34F2090-C432-5310-5B7C-D80319C0A1D0}.Release|Any CPU.Build.0 = Release|Any CPU
		{C6F9BCD4-26C7-A993-3503-744B678BEAE8}.Debug|Any CPU.ActiveCfg = Debug|Any CPU
		{C6F9BCD4-26C7-A993-3503-744B678BEAE8}.Debug|Any CPU.Build.0 = Debug|Any CPU
		{C6F9BCD4-26C7-A993-3503-744B678BEAE8}.Release|Any CPU.ActiveCfg = Release|Any CPU
		{C6F9BCD4-26C7-A993-3503-744B678BEAE8}.Release|Any CPU.Build.0 = Release|Any CPU
		{9D161B86-72FE-7B72-7BC4-B1BCFCE7264E}.Debug|Any CPU.ActiveCfg = Debug|Any CPU
		{9D161B86-72FE-7B72-7BC4-B1BCFCE7264E}.Debug|Any CPU.Build.0 = Debug|Any CPU
		{9D161B86-72FE-7B72-7BC4-B1BCFCE7264E}.Release|Any CPU.ActiveCfg = Release|Any CPU
		{9D161B86-72FE-7B72-7BC4-B1BCFCE7264E}.Release|Any CPU.Build.0 = Release|Any CPU
		{09293CC6-A5D9-8A2C-7ED1-E306F1B43178}.Debug|Any CPU.ActiveCfg = Debug|Any CPU
		{09293CC6-A5D9-8A2C-7ED1-E306F1B43178}.Debug|Any CPU.Build.0 = Debug|Any CPU
		{09293CC6-A5D9-8A2C-7ED1-E306F1B43178}.Release|Any CPU.ActiveCfg = Release|Any CPU
		{09293CC6-A5D9-8A2C-7ED1-E306F1B43178}.Release|Any CPU.Build.0 = Release|Any CPU
		{3026D224-0023-910B-4311-FFCB6603491C}.Debug|Any CPU.ActiveCfg = Debug|Any CPU
		{3026D224-0023-910B-4311-FFCB6603491C}.Debug|Any CPU.Build.0 = Debug|Any CPU
		{3026D224-0023-910B-4311-FFCB6603491C}.Release|Any CPU.ActiveCfg = Release|Any CPU
		{3026D224-0023-910B-4311-FFCB6603491C}.Release|Any CPU.Build.0 = Release|Any CPU
		{56188ADD-23FD-FD08-E1D5-7574FE860BBB}.Debug|Any CPU.ActiveCfg = Debug|Any CPU
		{56188ADD-23FD-FD08-E1D5-7574FE860BBB}.Debug|Any CPU.Build.0 = Debug|Any CPU
		{56188ADD-23FD-FD08-E1D5-7574FE860BBB}.Release|Any CPU.ActiveCfg = Release|Any CPU
		{56188ADD-23FD-FD08-E1D5-7574FE860BBB}.Release|Any CPU.Build.0 = Release|Any CPU
		{1ADDEB2E-D3B6-3E7D-9548-71CFD7060E89}.Debug|Any CPU.ActiveCfg = Debug|Any CPU
		{1ADDEB2E-D3B6-3E7D-9548-71CFD7060E89}.Debug|Any CPU.Build.0 = Debug|Any CPU
		{1ADDEB2E-D3B6-3E7D-9548-71CFD7060E89}.Release|Any CPU.ActiveCfg = Release|Any CPU
		{1ADDEB2E-D3B6-3E7D-9548-71CFD7060E89}.Release|Any CPU.Build.0 = Release|Any CPU
		{00AC6937-C66F-C1FC-9260-9DEFE94C08B0}.Debug|Any CPU.ActiveCfg = Debug|Any CPU
		{00AC6937-C66F-C1FC-9260-9DEFE94C08B0}.Debug|Any CPU.Build.0 = Debug|Any CPU
		{00AC6937-C66F-C1FC-9260-9DEFE94C08B0}.Release|Any CPU.ActiveCfg = Release|Any CPU
		{00AC6937-C66F-C1FC-9260-9DEFE94C08B0}.Release|Any CPU.Build.0 = Release|Any CPU
		{CD176EEB-39C2-E087-AC9A-485253C21F0B}.Debug|Any CPU.ActiveCfg = Debug|Any CPU
		{CD176EEB-39C2-E087-AC9A-485253C21F0B}.Debug|Any CPU.Build.0 = Debug|Any CPU
		{CD176EEB-39C2-E087-AC9A-485253C21F0B}.Release|Any CPU.ActiveCfg = Release|Any CPU
		{CD176EEB-39C2-E087-AC9A-485253C21F0B}.Release|Any CPU.Build.0 = Release|Any CPU
		{1986B34C-5025-B832-B37A-22328B6E651E}.Debug|Any CPU.ActiveCfg = Debug|Any CPU
		{1986B34C-5025-B832-B37A-22328B6E651E}.Debug|Any CPU.Build.0 = Debug|Any CPU
		{1986B34C-5025-B832-B37A-22328B6E651E}.Release|Any CPU.ActiveCfg = Release|Any CPU
		{1986B34C-5025-B832-B37A-22328B6E651E}.Release|Any CPU.Build.0 = Release|Any CPU
		{42264433-543E-E924-11E6-1BFB8D7A09B6}.Debug|Any CPU.ActiveCfg = Debug|Any CPU
		{42264433-543E-E924-11E6-1BFB8D7A09B6}.Debug|Any CPU.Build.0 = Debug|Any CPU
		{42264433-543E-E924-11E6-1BFB8D7A09B6}.Release|Any CPU.ActiveCfg = Release|Any CPU
		{42264433-543E-E924-11E6-1BFB8D7A09B6}.Release|Any CPU.Build.0 = Release|Any CPU
		{47FE3501-B5D1-5547-9897-C1E4418E7DBC}.Debug|Any CPU.ActiveCfg = Debug|Any CPU
		{47FE3501-B5D1-5547-9897-C1E4418E7DBC}.Debug|Any CPU.Build.0 = Debug|Any CPU
		{47FE3501-B5D1-5547-9897-C1E4418E7DBC}.Release|Any CPU.ActiveCfg = Release|Any CPU
		{47FE3501-B5D1-5547-9897-C1E4418E7DBC}.Release|Any CPU.Build.0 = Release|Any CPU
		{F9A7F7E0-B2E2-FD86-B922-235D854EBBC5}.Debug|Any CPU.ActiveCfg = Debug|Any CPU
		{F9A7F7E0-B2E2-FD86-B922-235D854EBBC5}.Debug|Any CPU.Build.0 = Debug|Any CPU
		{F9A7F7E0-B2E2-FD86-B922-235D854EBBC5}.Release|Any CPU.ActiveCfg = Release|Any CPU
		{F9A7F7E0-B2E2-FD86-B922-235D854EBBC5}.Release|Any CPU.Build.0 = Release|Any CPU
		{F5AE040C-B419-9239-2EED-837BBF2CAD17}.Debug|Any CPU.ActiveCfg = Debug|Any CPU
		{F5AE040C-B419-9239-2EED-837BBF2CAD17}.Debug|Any CPU.Build.0 = Debug|Any CPU
		{F5AE040C-B419-9239-2EED-837BBF2CAD17}.Release|Any CPU.ActiveCfg = Release|Any CPU
		{F5AE040C-B419-9239-2EED-837BBF2CAD17}.Release|Any CPU.Build.0 = Release|Any CPU
		{30E6AA81-B07B-C08C-2A96-7C0BD6B8DD7C}.Debug|Any CPU.ActiveCfg = Debug|Any CPU
		{30E6AA81-B07B-C08C-2A96-7C0BD6B8DD7C}.Debug|Any CPU.Build.0 = Debug|Any CPU
		{30E6AA81-B07B-C08C-2A96-7C0BD6B8DD7C}.Release|Any CPU.ActiveCfg = Release|Any CPU
		{30E6AA81-B07B-C08C-2A96-7C0BD6B8DD7C}.Release|Any CPU.Build.0 = Release|Any CPU
		{E1F2A185-DD57-9CE9-867D-778271C6A419}.Debug|Any CPU.ActiveCfg = Debug|Any CPU
		{E1F2A185-DD57-9CE9-867D-778271C6A419}.Debug|Any CPU.Build.0 = Debug|Any CPU
		{E1F2A185-DD57-9CE9-867D-778271C6A419}.Release|Any CPU.ActiveCfg = Release|Any CPU
		{E1F2A185-DD57-9CE9-867D-778271C6A419}.Release|Any CPU.Build.0 = Release|Any CPU
		{58220B35-9811-F21A-EAA5-51E62C5CF781}.Debug|Any CPU.ActiveCfg = Debug|Any CPU
		{58220B35-9811-F21A-EAA5-51E62C5CF781}.Debug|Any CPU.Build.0 = Debug|Any CPU
		{58220B35-9811-F21A-EAA5-51E62C5CF781}.Release|Any CPU.ActiveCfg = Release|Any CPU
		{58220B35-9811-F21A-EAA5-51E62C5CF781}.Release|Any CPU.Build.0 = Release|Any CPU
		{84089098-F706-1EB7-5A34-47ADE568682C}.Debug|Any CPU.ActiveCfg = Debug|Any CPU
		{84089098-F706-1EB7-5A34-47ADE568682C}.Debug|Any CPU.Build.0 = Debug|Any CPU
		{84089098-F706-1EB7-5A34-47ADE568682C}.Release|Any CPU.ActiveCfg = Release|Any CPU
		{84089098-F706-1EB7-5A34-47ADE568682C}.Release|Any CPU.Build.0 = Release|Any CPU
		{E8C32A80-2F6D-5A71-7644-317EA2A8E700}.Debug|Any CPU.ActiveCfg = Debug|Any CPU
		{E8C32A80-2F6D-5A71-7644-317EA2A8E700}.Debug|Any CPU.Build.0 = Debug|Any CPU
		{E8C32A80-2F6D-5A71-7644-317EA2A8E700}.Release|Any CPU.ActiveCfg = Release|Any CPU
		{E8C32A80-2F6D-5A71-7644-317EA2A8E700}.Release|Any CPU.Build.0 = Release|Any CPU
		{77368AF9-32B2-AA1E-02A8-D7D0CCD5691C}.Debug|Any CPU.ActiveCfg = Debug|Any CPU
		{77368AF9-32B2-AA1E-02A8-D7D0CCD5691C}.Debug|Any CPU.Build.0 = Debug|Any CPU
		{77368AF9-32B2-AA1E-02A8-D7D0CCD5691C}.Release|Any CPU.ActiveCfg = Release|Any CPU
		{77368AF9-32B2-AA1E-02A8-D7D0CCD5691C}.Release|Any CPU.Build.0 = Release|Any CPU
	EndGlobalSection
	GlobalSection(SolutionProperties) = preSolution
		HideSolutionNode = FALSE
	EndGlobalSection
EndGlobal
